
Microsoft Visual Studio Solution File, Format Version 12.00
# Visual Studio 14
VisualStudioVersion = 14.0.24720.0
MinimumVisualStudioVersion = 10.0.40219.1
Project("{FAE04EC0-301F-11D3-BF4B-00C04F79EFBC}") = "WebApiDoc", "WebApiDoc\WebApiDoc.csproj", "{B614198A-9023-46A3-ABE9-B0D5E0C5929F}"
EndProject
Project("{FAE04EC0-301F-11D3-BF4B-00C04F79EFBC}") = "WebApiDoc.Tests", "WebApiDoc.Tests\WebApiDoc.Tests.csproj", "{009F19DF-B17E-4537-B74E-058BC7CCA9B0}"
EndProject
Global
	GlobalSection(SolutionConfigurationPlatforms) = preSolution
		Debug|Any CPU = Debug|Any CPU
		Release|Any CPU = Release|Any CPU
	EndGlobalSection
	GlobalSection(ProjectConfigurationPlatforms) = postSolution
		{B614198A-9023-46A3-ABE9-B0D5E0C5929F}.Debug|Any CPU.ActiveCfg = Debug|Any CPU
		{B614198A-9023-46A3-ABE9-B0D5E0C5929F}.Debug|Any CPU.Build.0 = Debug|Any CPU
		{B614198A-9023-46A3-ABE9-B0D5E0C5929F}.Release|Any CPU.ActiveCfg = Release|Any CPU
		{B614198A-9023-46A3-ABE9-B0D5E0C5929F}.Release|Any CPU.Build.0 = Release|Any CPU
		{009F19DF-B17E-4537-B74E-058BC7CCA9B0}.Debug|Any CPU.ActiveCfg = Debug|Any CPU
		{009F19DF-B17E-4537-B74E-058BC7CCA9B0}.Debug|Any CPU.Build.0 = Debug|Any CPU
		{009F19DF-B17E-4537-B74E-058BC7CCA9B0}.Release|Any CPU.ActiveCfg = Release|Any CPU
		{009F19DF-B17E-4537-B74E-058BC7CCA9B0}.Release|Any CPU.Build.0 = Release|Any CPU
	EndGlobalSection
	GlobalSection(SolutionProperties) = preSolution
		HideSolutionNode = FALSE
	EndGlobalSection
EndGlobal
